{
    "_meta": {
        "hash": {
            "sha256": "b12076dd7bef10b909b1b1b40f4adbde1f1286f881a0c69170e17ed7ffb39753"
        },
        "pipfile-spec": 6,
        "requires": {
            "python_version": "3.8"
        },
        "sources": [
            {
                "name": "pypi",
                "url": "https://pypi.org/simple",
                "verify_ssl": true
            }
        ]
    },
    "default": {
        "e1839a8": {
            "editable": true,
            "path": "."
        },
        "hangman": {
            "path": "."
        },
        "yapf": {
            "hashes": [
                "sha256:3000abee4c28daebad55da6c85f3cd07b8062ce48e2e9943c8da1b9667d48427",
                "sha256:3abf61ba67cf603069710d30acbc88cfe565d907e16ad81429ae90ce9651e0c9"
            ],
            "index": "pypi",
            "version": "==0.30.0"
        }
    },
    "develop": {}
}
